
Microsoft Visual Studio Solution File, Format Version 12.00
Project("{F2A71F9B-5D33-465A-A702-920D77279786}") = "AoC2022", "AoC2022\AoC2022.fsproj", "{950DA66E-94AC-4FCA-9F77-BE14904AC45E}"
EndProject
Global
	GlobalSection(SolutionConfigurationPlatforms) = preSolution
		Debug|Any CPU = Debug|Any CPU
		Release|Any CPU = Release|Any CPU
	EndGlobalSection
	GlobalSection(ProjectConfigurationPlatforms) = postSolution
		{950DA66E-94AC-4FCA-9F77-BE14904AC45E}.Debug|Any CPU.ActiveCfg = Debug|Any CPU
		{950DA66E-94AC-4FCA-9F77-BE14904AC45E}.Debug|Any CPU.Build.0 = Debug|Any CPU
		{950DA66E-94AC-4FCA-9F77-BE14904AC45E}.Release|Any CPU.ActiveCfg = Release|Any CPU
		{950DA66E-94AC-4FCA-9F77-BE14904AC45E}.Release|Any CPU.Build.0 = Release|Any CPU
	EndGlobalSection
EndGlobal
